{
    "name": "assets",
    "lockfileVersion": 3,
    "requires": true,
    "packages": {
        "": {
            "dependencies": {
                "live_select": "file:../deps/live_select/priv/static/live_select.min.js"
            }
        },
        "../deps/live_select/priv/static/live_select.min.js": {},
        "node_modules/live_select": {
            "resolved": "../deps/live_select/priv/static/live_select.min.js",
            "link": true
        }
    }
}
